// !$*UTF8*$!
{
	archiveVersion = 1;
	classes = {
	};
	objectVersion = 46;
	objects = {

/* Begin PBXBuildFile section */
		FF8338521C75C70A00D3F473 /* main.m in Sources */ = {isa = PBXBuildFile; fileRef = FF8338511C75C70A00D3F473 /* main.m */; };
		FF8338551C75C70A00D3F473 /* AppDelegate.m in Sources */ = {isa = PBXBuildFile; fileRef = FF8338541C75C70A00D3F473 /* AppDelegate.m */; };
		FF83385D1C75C70A00D3F473 /* Assets.xcassets in Resources */ = {isa = PBXBuildFile; fileRef = FF83385C1C75C70A00D3F473 /* Assets.xcassets */; };
		FF8338601C75C70A00D3F473 /* LaunchScreen.storyboard in Resources */ = {isa = PBXBuildFile; fileRef = FF83385E1C75C70A00D3F473 /* LaunchScreen.storyboard */; };
		FF8338901C75C95E00D3F473 /* AppSetting+Server.m in Sources */ = {isa = PBXBuildFile; fileRef = FF83386A1C75C95E00D3F473 /* AppSetting+Server.m */; };
		FF8338911C75C95E00D3F473 /* AppSetting.m in Sources */ = {isa = PBXBuildFile; fileRef = FF83386C1C75C95E00D3F473 /* AppSetting.m */; };
		FF8338921C75C95E00D3F473 /* ChatsItem.m in Sources */ = {isa = PBXBuildFile; fileRef = FF83386F1C75C95E00D3F473 /* ChatsItem.m */; };
		FF8338931C75C95E00D3F473 /* UserInfo.m in Sources */ = {isa = PBXBuildFile; fileRef = FF8338711C75C95E00D3F473 /* UserInfo.m */; };
		FF8338941C75C95E00D3F473 /* DBConnection.m in Sources */ = {isa = PBXBuildFile; fileRef = FF8338751C75C95E00D3F473 /* DBConnection.m */; settings = {COMPILER_FLAGS = "-fno-objc-arc"; }; };
		FF8338951C75C95E00D3F473 /* DBStatement.m in Sources */ = {isa = PBXBuildFile; fileRef = FF8338771C75C95E00D3F473 /* DBStatement.m */; settings = {COMPILER_FLAGS = "-fno-objc-arc"; }; };
		FF8338961C75C95E00D3F473 /* DBController+Message.m in Sources */ = {isa = PBXBuildFile; fileRef = FF8338791C75C95E00D3F473 /* DBController+Message.m */; };
		FF8338971C75C95E00D3F473 /* DBController+Update.m in Sources */ = {isa = PBXBuildFile; fileRef = FF83387B1C75C95E00D3F473 /* DBController+Update.m */; };
		FF8338981C75C95E00D3F473 /* DBController+UserInfo.m in Sources */ = {isa = PBXBuildFile; fileRef = FF83387D1C75C95E00D3F473 /* DBController+UserInfo.m */; };
		FF8338991C75C95E00D3F473 /* DBController+Version.m in Sources */ = {isa = PBXBuildFile; fileRef = FF83387F1C75C95E00D3F473 /* DBController+Version.m */; };
		FF83389A1C75C95E00D3F473 /* DBController.m in Sources */ = {isa = PBXBuildFile; fileRef = FF8338811C75C95E00D3F473 /* DBController.m */; };
		FF83389B1C75C95E00D3F473 /* FileManager+Picture.m in Sources */ = {isa = PBXBuildFile; fileRef = FF8338841C75C95E00D3F473 /* FileManager+Picture.m */; };
		FF83389C1C75C95E00D3F473 /* FileManager.m in Sources */ = {isa = PBXBuildFile; fileRef = FF8338861C75C95E00D3F473 /* FileManager.m */; };
		FF83389D1C75C95E00D3F473 /* NBLHTTPFileManager.m in Sources */ = {isa = PBXBuildFile; fileRef = FF83388A1C75C95E00D3F473 /* NBLHTTPFileManager.m */; };
		FF83389E1C75C95E00D3F473 /* NBLHTTPManager.m in Sources */ = {isa = PBXBuildFile; fileRef = FF83388C1C75C95E00D3F473 /* NBLHTTPManager.m */; };
		FF8338A11C75C97000D3F473 /* RootVC.m in Sources */ = {isa = PBXBuildFile; fileRef = FF8338A01C75C97000D3F473 /* RootVC.m */; };
		FF8338B21C75C9B400D3F473 /* AboutVC.m in Sources */ = {isa = PBXBuildFile; fileRef = FF8338A31C75C9B400D3F473 /* AboutVC.m */; };
		FF8338B31C75C9B400D3F473 /* ChatsVC.m in Sources */ = {isa = PBXBuildFile; fileRef = FF8338A51C75C9B400D3F473 /* ChatsVC.m */; };
		FF8338B41C75C9B400D3F473 /* ChatVC.m in Sources */ = {isa = PBXBuildFile; fileRef = FF8338A71C75C9B400D3F473 /* ChatVC.m */; };
		FF8338B51C75C9B400D3F473 /* ContactInfoVC.m in Sources */ = {isa = PBXBuildFile; fileRef = FF8338A91C75C9B400D3F473 /* ContactInfoVC.m */; };
		FF8338B61C75C9B400D3F473 /* ContactsVC.m in Sources */ = {isa = PBXBuildFile; fileRef = FF8338AB1C75C9B400D3F473 /* ContactsVC.m */; };
		FF8338B71C75C9B400D3F473 /* LoginVC.m in Sources */ = {isa = PBXBuildFile; fileRef = FF8338AD1C75C9B400D3F473 /* LoginVC.m */; };
		FF8338B81C75C9B400D3F473 /* MainVC.m in Sources */ = {isa = PBXBuildFile; fileRef = FF8338AF1C75C9B400D3F473 /* MainVC.m */; };
		FF8338B91C75C9B400D3F473 /* MoreVC.m in Sources */ = {isa = PBXBuildFile; fileRef = FF8338B11C75C9B400D3F473 /* MoreVC.m */; };
		FF8338BE1C75C9E400D3F473 /* UIEngine.m in Sources */ = {isa = PBXBuildFile; fileRef = FF8338BB1C75C9E400D3F473 /* UIEngine.m */; };
		FF8338BF1C75C9E400D3F473 /* UIEngine+TabBar.m in Sources */ = {isa = PBXBuildFile; fileRef = FF8338BD1C75C9E400D3F473 /* UIEngine+TabBar.m */; };
		FF8338C31C75CA9000D3F473 /* CoreEngine.m in Sources */ = {isa = PBXBuildFile; fileRef = FF8338C21C75CA9000D3F473 /* CoreEngine.m */; };
		FF8338C61C75CBB700D3F473 /* NetController.m in Sources */ = {isa = PBXBuildFile; fileRef = FF8338C51C75CBB700D3F473 /* NetController.m */; };
		FF8338C91C75CD9600D3F473 /* CoreEngine+Receive.m in Sources */ = {isa = PBXBuildFile; fileRef = FF8338C81C75CD9600D3F473 /* CoreEngine+Receive.m */; };
		FF8338CD1C75CECE00D3F473 /* UIImageView+NBL.m in Sources */ = {isa = PBXBuildFile; fileRef = FF8338CC1C75CECE00D3F473 /* UIImageView+NBL.m */; };
		FF8338CF1C75D02500D3F473 /* ExceedMVC.sqlite in Resources */ = {isa = PBXBuildFile; fileRef = FF8338CE1C75D02500D3F473 /* ExceedMVC.sqlite */; };
		FF8338D11C75D03300D3F473 /* libsqlite3.tbd in Frameworks */ = {isa = PBXBuildFile; fileRef = FF8338D01C75D03300D3F473 /* libsqlite3.tbd */; };
		FF8338D71C75D35900D3F473 /* MBProgressHUD.m in Sources */ = {isa = PBXBuildFile; fileRef = FF8338D41C75D35900D3F473 /* MBProgressHUD.m */; settings = {COMPILER_FLAGS = "-fno-objc-arc"; }; };
		FF8338D81C75D35900D3F473 /* UIView+MBProgressHUD.m in Sources */ = {isa = PBXBuildFile; fileRef = FF8338D61C75D35900D3F473 /* UIView+MBProgressHUD.m */; };
		FF8338DA1C75D3D200D3F473 /* UIKit.framework in Frameworks */ = {isa = PBXBuildFile; fileRef = FF8338D91C75D3D200D3F473 /* UIKit.framework */; };
		FF8338DC1C75D3FE00D3F473 /* Foundation.framework in Frameworks */ = {isa = PBXBuildFile; fileRef = FF8338DB1C75D3FE00D3F473 /* Foundation.framework */; };
/* End PBXBuildFile section */

/* Begin PBXFileReference section */
		FF83384D1C75C70A00D3F473 /* ExceedMVC.app */ = {isa = PBXFileReference; explicitFileType = wrapper.application; includeInIndex = 0; path = ExceedMVC.app; sourceTree = BUILT_PRODUCTS_DIR; };
		FF8338511C75C70A00D3F473 /* main.m */ = {isa = PBXFileReference; lastKnownFileType = sourcecode.c.objc; path = main.m; sourceTree = "<group>"; };
		FF8338531C75C70A00D3F473 /* AppDelegate.h */ = {isa = PBXFileReference; lastKnownFileType = sourcecode.c.h; path = AppDelegate.h; sourceTree = "<group>"; };
		FF8338541C75C70A00D3F473 /* AppDelegate.m */ = {isa = PBXFileReference; lastKnownFileType = sourcecode.c.objc; path = AppDelegate.m; sourceTree = "<group>"; };
		FF83385C1C75C70A00D3F473 /* Assets.xcassets */ = {isa = PBXFileReference; lastKnownFileType = folder.assetcatalog; path = Assets.xcassets; sourceTree = "<group>"; };
		FF83385F1C75C70A00D3F473 /* Base */ = {isa = PBXFileReference; lastKnownFileType = file.storyboard; name = Base; path = Base.lproj/LaunchScreen.storyboard; sourceTree = "<group>"; };
		FF8338611C75C70A00D3F473 /* Info.plist */ = {isa = PBXFileReference; lastKnownFileType = text.plist.xml; path = Info.plist; sourceTree = "<group>"; };
		FF8338691C75C95D00D3F473 /* AppSetting+Server.h */ = {isa = PBXFileReference; fileEncoding = 4; lastKnownFileType = sourcecode.c.h; path = "AppSetting+Server.h"; sourceTree = "<group>"; };
		FF83386A1C75C95E00D3F473 /* AppSetting+Server.m */ = {isa = PBXFileReference; fileEncoding = 4; lastKnownFileType = sourcecode.c.objc; path = "AppSetting+Server.m"; sourceTree = "<group>"; };
		FF83386B1C75C95E00D3F473 /* AppSetting.h */ = {isa = PBXFileReference; fileEncoding = 4; lastKnownFileType = sourcecode.c.h; path = AppSetting.h; sourceTree = "<group>"; };
		FF83386C1C75C95E00D3F473 /* AppSetting.m */ = {isa = PBXFileReference; fileEncoding = 4; lastKnownFileType = sourcecode.c.objc; path = AppSetting.m; sourceTree = "<group>"; };
		FF83386E1C75C95E00D3F473 /* ChatsItem.h */ = {isa = PBXFileReference; fileEncoding = 4; lastKnownFileType = sourcecode.c.h; path = ChatsItem.h; sourceTree = "<group>"; };
		FF83386F1C75C95E00D3F473 /* ChatsItem.m */ = {isa = PBXFileReference; fileEncoding = 4; lastKnownFileType = sourcecode.c.objc; path = ChatsItem.m; sourceTree = "<group>"; };
		FF8338701C75C95E00D3F473 /* UserInfo.h */ = {isa = PBXFileReference; fileEncoding = 4; lastKnownFileType = sourcecode.c.h; path = UserInfo.h; sourceTree = "<group>"; };
		FF8338711C75C95E00D3F473 /* UserInfo.m */ = {isa = PBXFileReference; fileEncoding = 4; lastKnownFileType = sourcecode.c.objc; path = UserInfo.m; sourceTree = "<group>"; };
		FF8338741C75C95E00D3F473 /* DBConnection.h */ = {isa = PBXFileReference; fileEncoding = 4; lastKnownFileType = sourcecode.c.h; path = DBConnection.h; sourceTree = "<group>"; };
		FF8338751C75C95E00D3F473 /* DBConnection.m */ = {isa = PBXFileReference; fileEncoding = 4; lastKnownFileType = sourcecode.c.objc; path = DBConnection.m; sourceTree = "<group>"; };
		FF8338761C75C95E00D3F473 /* DBStatement.h */ = {isa = PBXFileReference; fileEncoding = 4; lastKnownFileType = sourcecode.c.h; path = DBStatement.h; sourceTree = "<group>"; };
		FF8338771C75C95E00D3F473 /* DBStatement.m */ = {isa = PBXFileReference; fileEncoding = 4; lastKnownFileType = sourcecode.c.objc; path = DBStatement.m; sourceTree = "<group>"; };
		FF8338781C75C95E00D3F473 /* DBController+Message.h */ = {isa = PBXFileReference; fileEncoding = 4; lastKnownFileType = sourcecode.c.h; path = "DBController+Message.h"; sourceTree = "<group>"; };
		FF8338791C75C95E00D3F473 /* DBController+Message.m */ = {isa = PBXFileReference; fileEncoding = 4; lastKnownFileType = sourcecode.c.objc; path = "DBController+Message.m"; sourceTree = "<group>"; };
		FF83387A1C75C95E00D3F473 /* DBController+Update.h */ = {isa = PBXFileReference; fileEncoding = 4; lastKnownFileType = sourcecode.c.h; path = "DBController+Update.h"; sourceTree = "<group>"; };
		FF83387B1C75C95E00D3F473 /* DBController+Update.m */ = {isa = PBXFileReference; fileEncoding = 4; lastKnownFileType = sourcecode.c.objc; path = "DBController+Update.m"; sourceTree = "<group>"; };
		FF83387C1C75C95E00D3F473 /* DBController+UserInfo.h */ = {isa = PBXFileReference; fileEncoding = 4; lastKnownFileType = sourcecode.c.h; path = "DBController+UserInfo.h"; sourceTree = "<group>"; };
		FF83387D1C75C95E00D3F473 /* DBController+UserInfo.m */ = {isa = PBXFileReference; fileEncoding = 4; lastKnownFileType = sourcecode.c.objc; path = "DBController+UserInfo.m"; sourceTree = "<group>"; };
		FF83387E1C75C95E00D3F473 /* DBController+Version.h */ = {isa = PBXFileReference; fileEncoding = 4; lastKnownFileType = sourcecode.c.h; path = "DBController+Version.h"; sourceTree = "<group>"; };
		FF83387F1C75C95E00D3F473 /* DBController+Version.m */ = {isa = PBXFileReference; fileEncoding = 4; lastKnownFileType = sourcecode.c.objc; path = "DBController+Version.m"; sourceTree = "<group>"; };
		FF8338801C75C95E00D3F473 /* DBController.h */ = {isa = PBXFileReference; fileEncoding = 4; lastKnownFileType = sourcecode.c.h; path = DBController.h; sourceTree = "<group>"; };
		FF8338811C75C95E00D3F473 /* DBController.m */ = {isa = PBXFileReference; fileEncoding = 4; lastKnownFileType = sourcecode.c.objc; path = DBController.m; sourceTree = "<group>"; };
		FF8338831C75C95E00D3F473 /* FileManager+Picture.h */ = {isa = PBXFileReference; fileEncoding = 4; lastKnownFileType = sourcecode.c.h; path = "FileManager+Picture.h"; sourceTree = "<group>"; };
		FF8338841C75C95E00D3F473 /* FileManager+Picture.m */ = {isa = PBXFileReference; fileEncoding = 4; lastKnownFileType = sourcecode.c.objc; path = "FileManager+Picture.m"; sourceTree = "<group>"; };
		FF8338851C75C95E00D3F473 /* FileManager.h */ = {isa = PBXFileReference; fileEncoding = 4; lastKnownFileType = sourcecode.c.h; path = FileManager.h; sourceTree = "<group>"; };
		FF8338861C75C95E00D3F473 /* FileManager.m */ = {isa = PBXFileReference; fileEncoding = 4; lastKnownFileType = sourcecode.c.objc; path = FileManager.m; sourceTree = "<group>"; };
		FF8338891C75C95E00D3F473 /* NBLHTTPFileManager.h */ = {isa = PBXFileReference; fileEncoding = 4; lastKnownFileType = sourcecode.c.h; path = NBLHTTPFileManager.h; sourceTree = "<group>"; };
		FF83388A1C75C95E00D3F473 /* NBLHTTPFileManager.m */ = {isa = PBXFileReference; fileEncoding = 4; lastKnownFileType = sourcecode.c.objc; path = NBLHTTPFileManager.m; sourceTree = "<group>"; };
		FF83388B1C75C95E00D3F473 /* NBLHTTPManager.h */ = {isa = PBXFileReference; fileEncoding = 4; lastKnownFileType = sourcecode.c.h; path = NBLHTTPManager.h; sourceTree = "<group>"; };
		FF83388C1C75C95E00D3F473 /* NBLHTTPManager.m */ = {isa = PBXFileReference; fileEncoding = 4; lastKnownFileType = sourcecode.c.objc; path = NBLHTTPManager.m; sourceTree = "<group>"; };
		FF83389F1C75C97000D3F473 /* RootVC.h */ = {isa = PBXFileReference; fileEncoding = 4; lastKnownFileType = sourcecode.c.h; path = RootVC.h; sourceTree = "<group>"; };
		FF8338A01C75C97000D3F473 /* RootVC.m */ = {isa = PBXFileReference; fileEncoding = 4; lastKnownFileType = sourcecode.c.objc; path = RootVC.m; sourceTree = "<group>"; };
		FF8338A21C75C9B400D3F473 /* AboutVC.h */ = {isa = PBXFileReference; fileEncoding = 4; lastKnownFileType = sourcecode.c.h; path = AboutVC.h; sourceTree = "<group>"; };
		FF8338A31C75C9B400D3F473 /* AboutVC.m */ = {isa = PBXFileReference; fileEncoding = 4; lastKnownFileType = sourcecode.c.objc; path = AboutVC.m; sourceTree = "<group>"; };
		FF8338A41C75C9B400D3F473 /* ChatsVC.h */ = {isa = PBXFileReference; fileEncoding = 4; lastKnownFileType = sourcecode.c.h; path = ChatsVC.h; sourceTree = "<group>"; };
		FF8338A51C75C9B400D3F473 /* ChatsVC.m */ = {isa = PBXFileReference; fileEncoding = 4; lastKnownFileType = sourcecode.c.objc; path = ChatsVC.m; sourceTree = "<group>"; };
		FF8338A61C75C9B400D3F473 /* ChatVC.h */ = {isa = PBXFileReference; fileEncoding = 4; lastKnownFileType = sourcecode.c.h; path = ChatVC.h; sourceTree = "<group>"; };
		FF8338A71C75C9B400D3F473 /* ChatVC.m */ = {isa = PBXFileReference; fileEncoding = 4; lastKnownFileType = sourcecode.c.objc; path = ChatVC.m; sourceTree = "<group>"; };
		FF8338A81C75C9B400D3F473 /* ContactInfoVC.h */ = {isa = PBXFileReference; fileEncoding = 4; lastKnownFileType = sourcecode.c.h; path = ContactInfoVC.h; sourceTree = "<group>"; };
		FF8338A91C75C9B400D3F473 /* ContactInfoVC.m */ = {isa = PBXFileReference; fileEncoding = 4; lastKnownFileType = sourcecode.c.objc; path = ContactInfoVC.m; sourceTree = "<group>"; };
		FF8338AA1C75C9B400D3F473 /* ContactsVC.h */ = {isa = PBXFileReference; fileEncoding = 4; lastKnownFileType = sourcecode.c.h; path = ContactsVC.h; sourceTree = "<group>"; };
		FF8338AB1C75C9B400D3F473 /* ContactsVC.m */ = {isa = PBXFileReference; fileEncoding = 4; lastKnownFileType = sourcecode.c.objc; path = ContactsVC.m; sourceTree = "<group>"; };
		FF8338AC1C75C9B400D3F473 /* LoginVC.h */ = {isa = PBXFileReference; fileEncoding = 4; lastKnownFileType = sourcecode.c.h; path = LoginVC.h; sourceTree = "<group>"; };
		FF8338AD1C75C9B400D3F473 /* LoginVC.m */ = {isa = PBXFileReference; fileEncoding = 4; lastKnownFileType = sourcecode.c.objc; path = LoginVC.m; sourceTree = "<group>"; };
		FF8338AE1C75C9B400D3F473 /* MainVC.h */ = {isa = PBXFileReference; fileEncoding = 4; lastKnownFileType = sourcecode.c.h; path = MainVC.h; sourceTree = "<group>"; };
		FF8338AF1C75C9B400D3F473 /* MainVC.m */ = {isa = PBXFileReference; fileEncoding = 4; lastKnownFileType = sourcecode.c.objc; path = MainVC.m; sourceTree = "<group>"; };
		FF8338B01C75C9B400D3F473 /* MoreVC.h */ = {isa = PBXFileReference; fileEncoding = 4; lastKnownFileType = sourcecode.c.h; path = MoreVC.h; sourceTree = "<group>"; };
		FF8338B11C75C9B400D3F473 /* MoreVC.m */ = {isa = PBXFileReference; fileEncoding = 4; lastKnownFileType = sourcecode.c.objc; path = MoreVC.m; sourceTree = "<group>"; };
		FF8338BA1C75C9E400D3F473 /* UIEngine.h */ = {isa = PBXFileReference; fileEncoding = 4; lastKnownFileType = sourcecode.c.h; path = UIEngine.h; sourceTree = "<group>"; };
		FF8338BB1C75C9E400D3F473 /* UIEngine.m */ = {isa = PBXFileReference; fileEncoding = 4; lastKnownFileType = sourcecode.c.objc; path = UIEngine.m; sourceTree = "<group>"; };
		FF8338BC1C75C9E400D3F473 /* UIEngine+TabBar.h */ = {isa = PBXFileReference; fileEncoding = 4; lastKnownFileType = sourcecode.c.h; path = "UIEngine+TabBar.h"; sourceTree = "<group>"; };
		FF8338BD1C75C9E400D3F473 /* UIEngine+TabBar.m */ = {isa = PBXFileReference; fileEncoding = 4; lastKnownFileType = sourcecode.c.objc; path = "UIEngine+TabBar.m"; sourceTree = "<group>"; };
		FF8338C11C75CA9000D3F473 /* CoreEngine.h */ = {isa = PBXFileReference; fileEncoding = 4; lastKnownFileType = sourcecode.c.h; path = CoreEngine.h; sourceTree = "<group>"; };
		FF8338C21C75CA9000D3F473 /* CoreEngine.m */ = {isa = PBXFileReference; fileEncoding = 4; lastKnownFileType = sourcecode.c.objc; path = CoreEngine.m; sourceTree = "<group>"; };
		FF8338C41C75CBB700D3F473 /* NetController.h */ = {isa = PBXFileReference; fileEncoding = 4; lastKnownFileType = sourcecode.c.h; path = NetController.h; sourceTree = "<group>"; };
		FF8338C51C75CBB700D3F473 /* NetController.m */ = {isa = PBXFileReference; fileEncoding = 4; lastKnownFileType = sourcecode.c.objc; path = NetController.m; sourceTree = "<group>"; };
		FF8338C71C75CD9600D3F473 /* CoreEngine+Receive.h */ = {isa = PBXFileReference; fileEncoding = 4; lastKnownFileType = sourcecode.c.h; path = "CoreEngine+Receive.h"; sourceTree = "<group>"; };
		FF8338C81C75CD9600D3F473 /* CoreEngine+Receive.m */ = {isa = PBXFileReference; fileEncoding = 4; lastKnownFileType = sourcecode.c.objc; path = "CoreEngine+Receive.m"; sourceTree = "<group>"; };
		FF8338CB1C75CECE00D3F473 /* UIImageView+NBL.h */ = {isa = PBXFileReference; fileEncoding = 4; lastKnownFileType = sourcecode.c.h; path = "UIImageView+NBL.h"; sourceTree = "<group>"; };
		FF8338CC1C75CECE00D3F473 /* UIImageView+NBL.m */ = {isa = PBXFileReference; fileEncoding = 4; lastKnownFileType = sourcecode.c.objc; path = "UIImageView+NBL.m"; sourceTree = "<group>"; };
		FF8338CE1C75D02500D3F473 /* ExceedMVC.sqlite */ = {isa = PBXFileReference; lastKnownFileType = file; path = ExceedMVC.sqlite; sourceTree = "<group>"; };
		FF8338D01C75D03300D3F473 /* libsqlite3.tbd */ = {isa = PBXFileReference; lastKnownFileType = "sourcecode.text-based-dylib-definition"; name = libsqlite3.tbd; path = usr/lib/libsqlite3.tbd; sourceTree = SDKROOT; };
		FF8338D31C75D35900D3F473 /* MBProgressHUD.h */ = {isa = PBXFileReference; fileEncoding = 4; lastKnownFileType = sourcecode.c.h; path = MBProgressHUD.h; sourceTree = "<group>"; };
		FF8338D41C75D35900D3F473 /* MBProgressHUD.m */ = {isa = PBXFileReference; fileEncoding = 4; lastKnownFileType = sourcecode.c.objc; path = MBProgressHUD.m; sourceTree = "<group>"; };
		FF8338D51C75D35900D3F473 /* UIView+MBProgressHUD.h */ = {isa = PBXFileReference; fileEncoding = 4; lastKnownFileType = sourcecode.c.h; path = "UIView+MBProgressHUD.h"; sourceTree = "<group>"; };
		FF8338D61C75D35900D3F473 /* UIView+MBProgressHUD.m */ = {isa = PBXFileReference; fileEncoding = 4; lastKnownFileType = sourcecode.c.objc; path = "UIView+MBProgressHUD.m"; sourceTree = "<group>"; };
		FF8338D91C75D3D200D3F473 /* UIKit.framework */ = {isa = PBXFileReference; lastKnownFileType = wrapper.framework; name = UIKit.framework; path = System/Library/Frameworks/UIKit.framework; sourceTree = SDKROOT; };
		FF8338DB1C75D3FE00D3F473 /* Foundation.framework */ = {isa = PBXFileReference; lastKnownFileType = wrapper.framework; name = Foundation.framework; path = System/Library/Frameworks/Foundation.framework; sourceTree = SDKROOT; };
/* End PBXFileReference section */

/* Begin PBXFrameworksBuildPhase section */
		FF83384A1C75C70A00D3F473 /* Frameworks */ = {
			isa = PBXFrameworksBuildPhase;
			buildActionMask = 2147483647;
			files = (
				FF8338DC1C75D3FE00D3F473 /* Foundation.framework in Frameworks */,
				FF8338DA1C75D3D200D3F473 /* UIKit.framework in Frameworks */,
				FF8338D11C75D03300D3F473 /* libsqlite3.tbd in Frameworks */,
			);
			runOnlyForDeploymentPostprocessing = 0;
		};
/* End PBXFrameworksBuildPhase section */

/* Begin PBXGroup section */
		FF8338441C75C70A00D3F473 = {
			isa = PBXGroup;
			children = (
				FF8338DB1C75D3FE00D3F473 /* Foundation.framework */,
				FF8338D91C75D3D200D3F473 /* UIKit.framework */,
				FF8338D01C75D03300D3F473 /* libsqlite3.tbd */,
				FF83384F1C75C70A00D3F473 /* ExceedMVC */,
				FF83384E1C75C70A00D3F473 /* Products */,
			);
			sourceTree = "<group>";
		};
		FF83384E1C75C70A00D3F473 /* Products */ = {
			isa = PBXGroup;
			children = (
				FF83384D1C75C70A00D3F473 /* ExceedMVC.app */,
			);
			name = Products;
			sourceTree = "<group>";
		};
		FF83384F1C75C70A00D3F473 /* ExceedMVC */ = {
			isa = PBXGroup;
			children = (
				FF8338671C75C95D00D3F473 /* Core */,
				FF83388D1C75C95E00D3F473 /* UI */,
				FF8338531C75C70A00D3F473 /* AppDelegate.h */,
				FF8338541C75C70A00D3F473 /* AppDelegate.m */,
				FF83385C1C75C70A00D3F473 /* Assets.xcassets */,
				FF83385E1C75C70A00D3F473 /* LaunchScreen.storyboard */,
				FF8338611C75C70A00D3F473 /* Info.plist */,
				FF8338501C75C70A00D3F473 /* Supporting Files */,
			);
			path = ExceedMVC;
			sourceTree = "<group>";
		};
		FF8338501C75C70A00D3F473 /* Supporting Files */ = {
			isa = PBXGroup;
			children = (
				FF8338CE1C75D02500D3F473 /* ExceedMVC.sqlite */,
				FF8338511C75C70A00D3F473 /* main.m */,
			);
			name = "Supporting Files";
			sourceTree = "<group>";
		};
		FF8338671C75C95D00D3F473 /* Core */ = {
			isa = PBXGroup;
			children = (
				FF8338C01C75CA7800D3F473 /* Engine */,
				FF8338681C75C95D00D3F473 /* AppSetting */,
				FF83386D1C75C95E00D3F473 /* DataItem */,
				FF8338721C75C95E00D3F473 /* DB */,
				FF8338821C75C95E00D3F473 /* FileManager */,
				FF8338871C75C95E00D3F473 /* Net */,
			);
			path = Core;
			sourceTree = "<group>";
		};
		FF8338681C75C95D00D3F473 /* AppSetting */ = {
			isa = PBXGroup;
			children = (
				FF8338691C75C95D00D3F473 /* AppSetting+Server.h */,
				FF83386A1C75C95E00D3F473 /* AppSetting+Server.m */,
				FF83386B1C75C95E00D3F473 /* AppSetting.h */,
				FF83386C1C75C95E00D3F473 /* AppSetting.m */,
			);
			path = AppSetting;
			sourceTree = "<group>";
		};
		FF83386D1C75C95E00D3F473 /* DataItem */ = {
			isa = PBXGroup;
			children = (
				FF83386E1C75C95E00D3F473 /* ChatsItem.h */,
				FF83386F1C75C95E00D3F473 /* ChatsItem.m */,
				FF8338701C75C95E00D3F473 /* UserInfo.h */,
				FF8338711C75C95E00D3F473 /* UserInfo.m */,
			);
			path = DataItem;
			sourceTree = "<group>";
		};
		FF8338721C75C95E00D3F473 /* DB */ = {
			isa = PBXGroup;
			children = (
				FF8338731C75C95E00D3F473 /* DBBase */,
				FF8338781C75C95E00D3F473 /* DBController+Message.h */,
				FF8338791C75C95E00D3F473 /* DBController+Message.m */,
				FF83387A1C75C95E00D3F473 /* DBController+Update.h */,
				FF83387B1C75C95E00D3F473 /* DBController+Update.m */,
				FF83387C1C75C95E00D3F473 /* DBController+UserInfo.h */,
				FF83387D1C75C95E00D3F473 /* DBController+UserInfo.m */,
				FF83387E1C75C95E00D3F473 /* DBController+Version.h */,
				FF83387F1C75C95E00D3F473 /* DBController+Version.m */,
				FF8338801C75C95E00D3F473 /* DBController.h */,
				FF8338811C75C95E00D3F473 /* DBController.m */,
			);
			path = DB;
			sourceTree = "<group>";
		};
		FF8338731C75C95E00D3F473 /* DBBase */ = {
			isa = PBXGroup;
			children = (
				FF8338741C75C95E00D3F473 /* DBConnection.h */,
				FF8338751C75C95E00D3F473 /* DBConnection.m */,
				FF8338761C75C95E00D3F473 /* DBStatement.h */,
				FF8338771C75C95E00D3F473 /* DBStatement.m */,
			);
			path = DBBase;
			sourceTree = "<group>";
		};
		FF8338821C75C95E00D3F473 /* FileManager */ = {
			isa = PBXGroup;
			children = (
				FF8338831C75C95E00D3F473 /* FileManager+Picture.h */,
				FF8338841C75C95E00D3F473 /* FileManager+Picture.m */,
				FF8338851C75C95E00D3F473 /* FileManager.h */,
				FF8338861C75C95E00D3F473 /* FileManager.m */,
			);
			path = FileManager;
			sourceTree = "<group>";
		};
		FF8338871C75C95E00D3F473 /* Net */ = {
			isa = PBXGroup;
			children = (
				FF8338881C75C95E00D3F473 /* SimplifiedAFN */,
				FF8338CA1C75CECE00D3F473 /* SimplifiedAFN+UIKit */,
				FF8338C41C75CBB700D3F473 /* NetController.h */,
				FF8338C51C75CBB700D3F473 /* NetController.m */,
			);
			path = Net;
			sourceTree = "<group>";
		};
		FF8338881C75C95E00D3F473 /* SimplifiedAFN */ = {
			isa = PBXGroup;
			children = (
				FF8338891C75C95E00D3F473 /* NBLHTTPFileManager.h */,
				FF83388A1C75C95E00D3F473 /* NBLHTTPFileManager.m */,
				FF83388B1C75C95E00D3F473 /* NBLHTTPManager.h */,
				FF83388C1C75C95E00D3F473 /* NBLHTTPManager.m */,
			);
			path = SimplifiedAFN;
			sourceTree = "<group>";
		};
		FF83388D1C75C95E00D3F473 /* UI */ = {
			isa = PBXGroup;
			children = (
				FF8338D21C75D35900D3F473 /* OtherView */,
				FF83388E1C75C95E00D3F473 /* Engine */,
				FF83388F1C75C95E00D3F473 /* VCs */,
				FF83389F1C75C97000D3F473 /* RootVC.h */,
				FF8338A01C75C97000D3F473 /* RootVC.m */,
			);
			path = UI;
			sourceTree = "<group>";
		};
		FF83388E1C75C95E00D3F473 /* Engine */ = {
			isa = PBXGroup;
			children = (
				FF8338BA1C75C9E400D3F473 /* UIEngine.h */,
				FF8338BB1C75C9E400D3F473 /* UIEngine.m */,
				FF8338BC1C75C9E400D3F473 /* UIEngine+TabBar.h */,
				FF8338BD1C75C9E400D3F473 /* UIEngine+TabBar.m */,
			);
			path = Engine;
			sourceTree = "<group>";
		};
		FF83388F1C75C95E00D3F473 /* VCs */ = {
			isa = PBXGroup;
			children = (
				FF8338A41C75C9B400D3F473 /* ChatsVC.h */,
				FF8338A51C75C9B400D3F473 /* ChatsVC.m */,
				FF8338A61C75C9B400D3F473 /* ChatVC.h */,
				FF8338A71C75C9B400D3F473 /* ChatVC.m */,
				FF8338A81C75C9B400D3F473 /* ContactInfoVC.h */,
				FF8338A91C75C9B400D3F473 /* ContactInfoVC.m */,
				FF8338AA1C75C9B400D3F473 /* ContactsVC.h */,
				FF8338AB1C75C9B400D3F473 /* ContactsVC.m */,
				FF8338AC1C75C9B400D3F473 /* LoginVC.h */,
				FF8338AD1C75C9B400D3F473 /* LoginVC.m */,
				FF8338AE1C75C9B400D3F473 /* MainVC.h */,
				FF8338AF1C75C9B400D3F473 /* MainVC.m */,
				FF8338B01C75C9B400D3F473 /* MoreVC.h */,
				FF8338B11C75C9B400D3F473 /* MoreVC.m */,
				FF8338A21C75C9B400D3F473 /* AboutVC.h */,
				FF8338A31C75C9B400D3F473 /* AboutVC.m */,
			);
			path = VCs;
			sourceTree = "<group>";
		};
		FF8338C01C75CA7800D3F473 /* Engine */ = {
			isa = PBXGroup;
			children = (
				FF8338C11C75CA9000D3F473 /* CoreEngine.h */,
				FF8338C21C75CA9000D3F473 /* CoreEngine.m */,
				FF8338C71C75CD9600D3F473 /* CoreEngine+Receive.h */,
				FF8338C81C75CD9600D3F473 /* CoreEngine+Receive.m */,
			);
			path = Engine;
			sourceTree = "<group>";
		};
		FF8338CA1C75CECE00D3F473 /* SimplifiedAFN+UIKit */ = {
			isa = PBXGroup;
			children = (
				FF8338CB1C75CECE00D3F473 /* UIImageView+NBL.h */,
				FF8338CC1C75CECE00D3F473 /* UIImageView+NBL.m */,
			);
			path = "SimplifiedAFN+UIKit";
			sourceTree = "<group>";
		};
		FF8338D21C75D35900D3F473 /* OtherView */ = {
			isa = PBXGroup;
			children = (
				FF8338D31C75D35900D3F473 /* MBProgressHUD.h */,
				FF8338D41C75D35900D3F473 /* MBProgressHUD.m */,
				FF8338D51C75D35900D3F473 /* UIView+MBProgressHUD.h */,
				FF8338D61C75D35900D3F473 /* UIView+MBProgressHUD.m */,
			);
			path = OtherView;
			sourceTree = "<group>";
		};
/* End PBXGroup section */

/* Begin PBXNativeTarget section */
		FF83384C1C75C70A00D3F473 /* ExceedMVC */ = {
			isa = PBXNativeTarget;
			buildConfigurationList = FF8338641C75C70A00D3F473 /* Build configuration list for PBXNativeTarget "ExceedMVC" */;
			buildPhases = (
				FF8338491C75C70A00D3F473 /* Sources */,
				FF83384A1C75C70A00D3F473 /* Frameworks */,
				FF83384B1C75C70A00D3F473 /* Resources */,
			);
			buildRules = (
			);
			dependencies = (
			);
			name = ExceedMVC;
			productName = ExceedMVC;
			productReference = FF83384D1C75C70A00D3F473 /* ExceedMVC.app */;
			productType = "com.apple.product-type.application";
		};
/* End PBXNativeTarget section */

/* Begin PBXProject section */
		FF8338451C75C70A00D3F473 /* Project object */ = {
			isa = PBXProject;
			attributes = {
				LastUpgradeCheck = 0720;
				ORGANIZATIONNAME = yjh4866;
				TargetAttributes = {
					FF83384C1C75C70A00D3F473 = {
						CreatedOnToolsVersion = 7.2;
					};
				};
			};
			buildConfigurationList = FF8338481C75C70A00D3F473 /* Build configuration list for PBXProject "ExceedMVC" */;
			compatibilityVersion = "Xcode 3.2";
			developmentRegion = English;
			hasScannedForEncodings = 0;
			knownRegions = (
				en,
				Base,
			);
			mainGroup = FF8338441C75C70A00D3F473;
			productRefGroup = FF83384E1C75C70A00D3F473 /* Products */;
			projectDirPath = "";
			projectRoot = "";
			targets = (
				FF83384C1C75C70A00D3F473 /* ExceedMVC */,
			);
		};
/* End PBXProject section */

/* Begin PBXResourcesBuildPhase section */
		FF83384B1C75C70A00D3F473 /* Resources */ = {
			isa = PBXResourcesBuildPhase;
			buildActionMask = 2147483647;
			files = (
				FF8338CF1C75D02500D3F473 /* ExceedMVC.sqlite in Resources */,
				FF8338601C75C70A00D3F473 /* LaunchScreen.storyboard in Resources */,
				FF83385D1C75C70A00D3F473 /* Assets.xcassets in Resources */,
			);
			runOnlyForDeploymentPostprocessing = 0;
		};
/* End PBXResourcesBuildPhase section */

/* Begin PBXSourcesBuildPhase section */
		FF8338491C75C70A00D3F473 /* Sources */ = {
			isa = PBXSourcesBuildPhase;
			buildActionMask = 2147483647;
			files = (
				FF8338C61C75CBB700D3F473 /* NetController.m in Sources */,
				FF83389D1C75C95E00D3F473 /* NBLHTTPFileManager.m in Sources */,
				FF8338A11C75C97000D3F473 /* RootVC.m in Sources */,
				FF8338551C75C70A00D3F473 /* AppDelegate.m in Sources */,
				FF8338B51C75C9B400D3F473 /* ContactInfoVC.m in Sources */,
				FF8338981C75C95E00D3F473 /* DBController+UserInfo.m in Sources */,
				FF8338D71C75D35900D3F473 /* MBProgressHUD.m in Sources */,
				FF83389C1C75C95E00D3F473 /* FileManager.m in Sources */,
				FF8338921C75C95E00D3F473 /* ChatsItem.m in Sources */,
				FF8338951C75C95E00D3F473 /* DBStatement.m in Sources */,
				FF8338BF1C75C9E400D3F473 /* UIEngine+TabBar.m in Sources */,
				FF83389B1C75C95E00D3F473 /* FileManager+Picture.m in Sources */,
				FF8338521C75C70A00D3F473 /* main.m in Sources */,
				FF8338CD1C75CECE00D3F473 /* UIImageView+NBL.m in Sources */,
				FF8338971C75C95E00D3F473 /* DBController+Update.m in Sources */,
				FF8338991C75C95E00D3F473 /* DBController+Version.m in Sources */,
				FF8338B81C75C9B400D3F473 /* MainVC.m in Sources */,
				FF8338911C75C95E00D3F473 /* AppSetting.m in Sources */,
				FF83389E1C75C95E00D3F473 /* NBLHTTPManager.m in Sources */,
				FF8338B61C75C9B400D3F473 /* ContactsVC.m in Sources */,
				FF8338901C75C95E00D3F473 /* AppSetting+Server.m in Sources */,
				FF8338931C75C95E00D3F473 /* UserInfo.m in Sources */,
				FF8338B31C75C9B400D3F473 /* ChatsVC.m in Sources */,
				FF8338B21C75C9B400D3F473 /* AboutVC.m in Sources */,
				FF8338BE1C75C9E400D3F473 /* UIEngine.m in Sources */,
				FF8338B91C75C9B400D3F473 /* MoreVC.m in Sources */,
				FF8338B41C75C9B400D3F473 /* ChatVC.m in Sources */,
				FF83389A1C75C95E00D3F473 /* DBController.m in Sources */,
				FF8338B71C75C9B400D3F473 /* LoginVC.m in Sources */,
				FF8338C91C75CD9600D3F473 /* CoreEngine+Receive.m in Sources */,
				FF8338941C75C95E00D3F473 /* DBConnection.m in Sources */,
				FF8338C31C75CA9000D3F473 /* CoreEngine.m in Sources */,
				FF8338961C75C95E00D3F473 /* DBController+Message.m in Sources */,
				FF8338D81C75D35900D3F473 /* UIView+MBProgressHUD.m in Sources */,
			);
			runOnlyForDeploymentPostprocessing = 0;
		};
/* End PBXSourcesBuildPhase section */

/* Begin PBXVariantGroup section */
		FF83385E1C75C70A00D3F473 /* LaunchScreen.storyboard */ = {
			isa = PBXVariantGroup;
			children = (
				FF83385F1C75C70A00D3F473 /* Base */,
			);
			name = LaunchScreen.storyboard;
			sourceTree = "<group>";
		};
/* End PBXVariantGroup section */

/* Begin XCBuildConfiguration section */
		FF8338621C75C70A00D3F473 /* Debug */ = {
			isa = XCBuildConfiguration;
			buildSettings = {
				ALWAYS_SEARCH_USER_PATHS = NO;
				CLANG_CXX_LANGUAGE_STANDARD = "gnu++0x";
				CLANG_CXX_LIBRARY = "libc++";
				CLANG_ENABLE_MODULES = YES;
				CLANG_ENABLE_OBJC_ARC = YES;
				CLANG_WARN_BOOL_CONVERSION = YES;
				CLANG_WARN_CONSTANT_CONVERSION = YES;
				CLANG_WARN_DIRECT_OBJC_ISA_USAGE = YES_ERROR;
				CLANG_WARN_EMPTY_BODY = YES;
				CLANG_WARN_ENUM_CONVERSION = YES;
				CLANG_WARN_INT_CONVERSION = YES;
				CLANG_WARN_OBJC_ROOT_CLASS = YES_ERROR;
				CLANG_WARN_UNREACHABLE_CODE = YES;
				CLANG_WARN__DUPLICATE_METHOD_MATCH = YES;
				"CODE_SIGN_IDENTITY[sdk=iphoneos*]" = "iPhone Developer";
				COPY_PHASE_STRIP = NO;
				DEBUG_INFORMATION_FORMAT = dwarf;
				ENABLE_STRICT_OBJC_MSGSEND = YES;
				ENABLE_TESTABILITY = YES;
				GCC_C_LANGUAGE_STANDARD = gnu99;
				GCC_DYNAMIC_NO_PIC = NO;
				GCC_NO_COMMON_BLOCKS = YES;
				GCC_OPTIMIZATION_LEVEL = 0;
				GCC_PREPROCESSOR_DEFINITIONS = (
					"DEBUG=1",
					"$(inherited)",
				);
				GCC_WARN_64_TO_32_BIT_CONVERSION = YES;
				GCC_WARN_ABOUT_RETURN_TYPE = YES_ERROR;
				GCC_WARN_UNDECLARED_SELECTOR = YES;
				GCC_WARN_UNINITIALIZED_AUTOS = YES_AGGRESSIVE;
				GCC_WARN_UNUSED_FUNCTION = YES;
				GCC_WARN_UNUSED_VARIABLE = YES;
				IPHONEOS_DEPLOYMENT_TARGET = 9.2;
				MTL_ENABLE_DEBUG_INFO = YES;
				ONLY_ACTIVE_ARCH = YES;
				SDKROOT = iphoneos;
				TARGETED_DEVICE_FAMILY = "1,2";
			};
			name = Debug;
		};
		FF8338631C75C70A00D3F473 /* Release */ = {
			isa = XCBuildConfiguration;
			buildSettings = {
				ALWAYS_SEARCH_USER_PATHS = NO;
				CLANG_CXX_LANGUAGE_STANDARD = "gnu++0x";
				CLANG_CXX_LIBRARY = "libc++";
				CLANG_ENABLE_MODULES = YES;
				CLANG_ENABLE_OBJC_ARC = YES;
				CLANG_WARN_BOOL_CONVERSION = YES;
				CLANG_WARN_CONSTANT_CONVERSION = YES;
				CLANG_WARN_DIRECT_OBJC_ISA_USAGE = YES_ERROR;
				CLANG_WARN_EMPTY_BODY = YES;
				CLANG_WARN_ENUM_CONVERSION = YES;
				CLANG_WARN_INT_CONVERSION = YES;
				CLANG_WARN_OBJC_ROOT_CLASS = YES_ERROR;
				CLANG_WARN_UNREACHABLE_CODE = YES;
				CLANG_WARN__DUPLICATE_METHOD_MATCH = YES;
				"CODE_SIGN_IDENTITY[sdk=iphoneos*]" = "iPhone Developer";
				COPY_PHASE_STRIP = NO;
				DEBUG_INFORMATION_FORMAT = "dwarf-with-dsym";
				ENABLE_NS_ASSERTIONS = NO;
				ENABLE_STRICT_OBJC_MSGSEND = YES;
				GCC_C_LANGUAGE_STANDARD = gnu99;
				GCC_NO_COMMON_BLOCKS = YES;
				GCC_WARN_64_TO_32_BIT_CONVERSION = YES;
				GCC_WARN_ABOUT_RETURN_TYPE = YES_ERROR;
				GCC_WARN_UNDECLARED_SELECTOR = YES;
				GCC_WARN_UNINITIALIZED_AUTOS = YES_AGGRESSIVE;
				GCC_WARN_UNUSED_FUNCTION = YES;
				GCC_WARN_UNUSED_VARIABLE = YES;
				IPHONEOS_DEPLOYMENT_TARGET = 9.2;
				MTL_ENABLE_DEBUG_INFO = NO;
				SDKROOT = iphoneos;
				TARGETED_DEVICE_FAMILY = "1,2";
				VALIDATE_PRODUCT = YES;
			};
			name = Release;
		};
		FF8338651C75C70A00D3F473 /* Debug */ = {
			isa = XCBuildConfiguration;
			buildSettings = {
				ASSETCATALOG_COMPILER_APPICON_NAME = AppIcon;
				INFOPLIST_FILE = ExceedMVC/Info.plist;
				IPHONEOS_DEPLOYMENT_TARGET = 7.0;
				LD_RUNPATH_SEARCH_PATHS = "$(inherited) @executable_path/Frameworks";
				PRODUCT_BUNDLE_IDENTIFIER = com.AppForYou.ExceedMVC;
				PRODUCT_NAME = "$(TARGET_NAME)";
			};
			name = Debug;
		};
		FF8338661C75C70A00D3F473 /* Release */ = {
			isa = XCBuildConfiguration;
			buildSettings = {
				ASSETCATALOG_COMPILER_APPICON_NAME = AppIcon;
				INFOPLIST_FILE = ExceedMVC/Info.plist;
				IPHONEOS_DEPLOYMENT_TARGET = 7.0;
				LD_RUNPATH_SEARCH_PATHS = "$(inherited) @executable_path/Frameworks";
				PRODUCT_BUNDLE_IDENTIFIER = com.AppForYou.ExceedMVC;
				PRODUCT_NAME = "$(TARGET_NAME)";
			};
			name = Release;
		};
/* End XCBuildConfiguration section */

/* Begin XCConfigurationList section */
		FF8338481C75C70A00D3F473 /* Build configuration list for PBXProject "ExceedMVC" */ = {
			isa = XCConfigurationList;
			buildConfigurations = (
				FF8338621C75C70A00D3F473 /* Debug */,
				FF8338631C75C70A00D3F473 /* Release */,
			);
			defaultConfigurationIsVisible = 0;
			defaultConfigurationName = Release;
		};
		FF8338641C75C70A00D3F473 /* Build configuration list for PBXNativeTarget "ExceedMVC" */ = {
			isa = XCConfigurationList;
			buildConfigurations = (
				FF8338651C75C70A00D3F473 /* Debug */,
				FF8338661C75C70A00D3F473 /* Release */,
			);
			defaultConfigurationIsVisible = 0;
		};
/* End XCConfigurationList section */
	};
	rootObject = FF8338451C75C70A00D3F473 /* Project object */;
}
